
Microsoft Visual Studio Solution File, Format Version 12.00
# Visual Studio Version 16
VisualStudioVersion = 16.0.32901.82
MinimumVisualStudioVersion = 10.0.40219.1
Project("{FAE04EC0-301F-11D3-BF4B-00C04F79EFBC}") = "BHDstar", "BHDstar\BHDstar.csproj", "{74BF61AC-8115-499D-8820-A8F3E930808A}"
EndProject
Global
	GlobalSection(SolutionConfigurationPlatforms) = preSolution
		Debug|Any CPU = Debug|Any CPU
		Release|Any CPU = Release|Any CPU
	EndGlobalSection
	GlobalSection(ProjectConfigurationPlatforms) = postSolution
		{74BF61AC-8115-499D-8820-A8F3E930808A}.Debug|Any CPU.ActiveCfg = Debug|Any CPU
		{74BF61AC-8115-499D-8820-A8F3E930808A}.Debug|Any CPU.Build.0 = Debug|Any CPU
		{74BF61AC-8115-499D-8820-A8F3E930808A}.Release|Any CPU.ActiveCfg = Release|Any CPU
		{74BF61AC-8115-499D-8820-A8F3E930808A}.Release|Any CPU.Build.0 = Release|Any CPU
	EndGlobalSection
	GlobalSection(SolutionProperties) = preSolution
		HideSolutionNode = FALSE
	EndGlobalSection
	GlobalSection(ExtensibilityGlobals) = postSolution
		SolutionGuid = {0F056F31-DF7C-486F-A5A6-87AD5AD67606}
	EndGlobalSection
EndGlobal
